// !$*UTF8*$!
{
	archiveVersion = 1;
	classes = {
	};
	objectVersion = 50;
	objects = {

/* Begin PBXBuildFile section */
		0700AF10253722D100DF3936 /* MarsViewController.swift in Sources */ = {isa = PBXBuildFile; fileRef = 0700AF0F253722D100DF3936 /* MarsViewController.swift */; };
		0703361A252E13F100776629 /* AppDelegate.swift in Sources */ = {isa = PBXBuildFile; fileRef = 07033619252E13F100776629 /* AppDelegate.swift */; };
		0703361C252E13F100776629 /* SceneDelegate.swift in Sources */ = {isa = PBXBuildFile; fileRef = 0703361B252E13F100776629 /* SceneDelegate.swift */; };
		0703361E252E13F100776629 /* ViewController.swift in Sources */ = {isa = PBXBuildFile; fileRef = 0703361D252E13F100776629 /* ViewController.swift */; };
		07033621252E13F100776629 /* Main.storyboard in Resources */ = {isa = PBXBuildFile; fileRef = 0703361F252E13F100776629 /* Main.storyboard */; };
		07033623252E13F200776629 /* Assets.xcassets in Resources */ = {isa = PBXBuildFile; fileRef = 07033622252E13F200776629 /* Assets.xcassets */; };
		07033626252E13F200776629 /* LaunchScreen.storyboard in Resources */ = {isa = PBXBuildFile; fileRef = 07033624252E13F200776629 /* LaunchScreen.storyboard */; };
		0703362F252E1EDA00776629 /* ImageLibraryViewController.swift in Sources */ = {isa = PBXBuildFile; fileRef = 0703362E252E1EDA00776629 /* ImageLibraryViewController.swift */; };
		07033631252E29F800776629 /* Constants.swift in Sources */ = {isa = PBXBuildFile; fileRef = 07033630252E29F700776629 /* Constants.swift */; };
		07033633252E33FC00776629 /* Images.swift in Sources */ = {isa = PBXBuildFile; fileRef = 07033632252E33FC00776629 /* Images.swift */; };
		07033635252E353400776629 /* Model.swift in Sources */ = {isa = PBXBuildFile; fileRef = 07033634252E353400776629 /* Model.swift */; };
		07033637252E378300776629 /* Response.swift in Sources */ = {isa = PBXBuildFile; fileRef = 07033636252E378300776629 /* Response.swift */; };
		0716C3C925360DDB000405E4 /* SolKeys.swift in Sources */ = {isa = PBXBuildFile; fileRef = 0716C3C825360DDB000405E4 /* SolKeys.swift */; };
		075B810D2533282D004A8B20 /* Links.swift in Sources */ = {isa = PBXBuildFile; fileRef = 075B810C2533282D004A8B20 /* Links.swift */; };
		075B810F25332BEF004A8B20 /* JData.swift in Sources */ = {isa = PBXBuildFile; fileRef = 075B810E25332BEF004A8B20 /* JData.swift */; };
		075F9F0B253334FE003D49E5 /* ImageTableViewCell.swift in Sources */ = {isa = PBXBuildFile; fileRef = 075F9F0A253334FE003D49E5 /* ImageTableViewCell.swift */; };
		075F9F0D25333957003D49E5 /* CacheManager.swift in Sources */ = {isa = PBXBuildFile; fileRef = 075F9F0C25333957003D49E5 /* CacheManager.swift */; };
		07FD60952535BB5B007DBCDA /* TempratureModel.swift in Sources */ = {isa = PBXBuildFile; fileRef = 07FD60942535BB5B007DBCDA /* TempratureModel.swift */; };
/* End PBXBuildFile section */

/* Begin PBXFileReference section */
		0700AF0F253722D100DF3936 /* MarsViewController.swift */ = {isa = PBXFileReference; lastKnownFileType = sourcecode.swift; path = MarsViewController.swift; sourceTree = "<group>"; };
		07033616252E13F100776629 /* NASA.app */ = {isa = PBXFileReference; explicitFileType = wrapper.application; includeInIndex = 0; path = NASA.app; sourceTree = BUILT_PRODUCTS_DIR; };
		07033619252E13F100776629 /* AppDelegate.swift */ = {isa = PBXFileReference; lastKnownFileType = sourcecode.swift; path = AppDelegate.swift; sourceTree = "<group>"; };
		0703361B252E13F100776629 /* SceneDelegate.swift */ = {isa = PBXFileReference; lastKnownFileType = sourcecode.swift; path = SceneDelegate.swift; sourceTree = "<group>"; };
		0703361D252E13F100776629 /* ViewController.swift */ = {isa = PBXFileReference; lastKnownFileType = sourcecode.swift; path = ViewController.swift; sourceTree = "<group>"; };
		07033620252E13F100776629 /* Base */ = {isa = PBXFileReference; lastKnownFileType = file.storyboard; name = Base; path = Base.lproj/Main.storyboard; sourceTree = "<group>"; };
		07033622252E13F200776629 /* Assets.xcassets */ = {isa = PBXFileReference; lastKnownFileType = folder.assetcatalog; path = Assets.xcassets; sourceTree = "<group>"; };
		07033625252E13F200776629 /* Base */ = {isa = PBXFileReference; lastKnownFileType = file.storyboard; name = Base; path = Base.lproj/LaunchScreen.storyboard; sourceTree = "<group>"; };
		07033627252E13F200776629 /* Info.plist */ = {isa = PBXFileReference; lastKnownFileType = text.plist.xml; path = Info.plist; sourceTree = "<group>"; };
		0703362E252E1EDA00776629 /* ImageLibraryViewController.swift */ = {isa = PBXFileReference; lastKnownFileType = sourcecode.swift; path = ImageLibraryViewController.swift; sourceTree = "<group>"; };
		07033630252E29F700776629 /* Constants.swift */ = {isa = PBXFileReference; lastKnownFileType = sourcecode.swift; path = Constants.swift; sourceTree = "<group>"; };
		07033632252E33FC00776629 /* Images.swift */ = {isa = PBXFileReference; lastKnownFileType = sourcecode.swift; path = Images.swift; sourceTree = "<group>"; };
		07033634252E353400776629 /* Model.swift */ = {isa = PBXFileReference; lastKnownFileType = sourcecode.swift; path = Model.swift; sourceTree = "<group>"; };
		07033636252E378300776629 /* Response.swift */ = {isa = PBXFileReference; lastKnownFileType = sourcecode.swift; path = Response.swift; sourceTree = "<group>"; };
		0716C3C825360DDB000405E4 /* SolKeys.swift */ = {isa = PBXFileReference; lastKnownFileType = sourcecode.swift; path = SolKeys.swift; sourceTree = "<group>"; };
		075B810C2533282D004A8B20 /* Links.swift */ = {isa = PBXFileReference; lastKnownFileType = sourcecode.swift; path = Links.swift; sourceTree = "<group>"; };
		075B810E25332BEF004A8B20 /* JData.swift */ = {isa = PBXFileReference; lastKnownFileType = sourcecode.swift; path = JData.swift; sourceTree = "<group>"; };
		075F9F0A253334FE003D49E5 /* ImageTableViewCell.swift */ = {isa = PBXFileReference; lastKnownFileType = sourcecode.swift; path = ImageTableViewCell.swift; sourceTree = "<group>"; };
		075F9F0C25333957003D49E5 /* CacheManager.swift */ = {isa = PBXFileReference; lastKnownFileType = sourcecode.swift; path = CacheManager.swift; sourceTree = "<group>"; };
		07FD60942535BB5B007DBCDA /* TempratureModel.swift */ = {isa = PBXFileReference; lastKnownFileType = sourcecode.swift; path = TempratureModel.swift; sourceTree = "<group>"; };
/* End PBXFileReference section */

/* Begin PBXFrameworksBuildPhase section */
		07033613252E13F100776629 /* Frameworks */ = {
			isa = PBXFrameworksBuildPhase;
			buildActionMask = 2147483647;
			files = (
			);
			runOnlyForDeploymentPostprocessing = 0;
		};
/* End PBXFrameworksBuildPhase section */

/* Begin PBXGroup section */
		0703360D252E13F100776629 = {
			isa = PBXGroup;
			children = (
				07033618252E13F100776629 /* NASA */,
				07033617252E13F100776629 /* Products */,
			);
			sourceTree = "<group>";
		};
		07033617252E13F100776629 /* Products */ = {
			isa = PBXGroup;
			children = (
				07033616252E13F100776629 /* NASA.app */,
			);
			name = Products;
			sourceTree = "<group>";
		};
		07033618252E13F100776629 /* NASA */ = {
			isa = PBXGroup;
			children = (
				07033619252E13F100776629 /* AppDelegate.swift */,
				0703361B252E13F100776629 /* SceneDelegate.swift */,
				0703361D252E13F100776629 /* ViewController.swift */,
				07033630252E29F700776629 /* Constants.swift */,
				0703362E252E1EDA00776629 /* ImageLibraryViewController.swift */,
				07033634252E353400776629 /* Model.swift */,
				07033636252E378300776629 /* Response.swift */,
				07033632252E33FC00776629 /* Images.swift */,
				075B810C2533282D004A8B20 /* Links.swift */,
				075B810E25332BEF004A8B20 /* JData.swift */,
				075F9F0A253334FE003D49E5 /* ImageTableViewCell.swift */,
				075F9F0C25333957003D49E5 /* CacheManager.swift */,
				0716C3C825360DDB000405E4 /* SolKeys.swift */,
				0703361F252E13F100776629 /* Main.storyboard */,
				07033622252E13F200776629 /* Assets.xcassets */,
				07033624252E13F200776629 /* LaunchScreen.storyboard */,
				07033627252E13F200776629 /* Info.plist */,
				07FD60942535BB5B007DBCDA /* TempratureModel.swift */,
				0700AF0F253722D100DF3936 /* MarsViewController.swift */,
			);
			path = NASA;
			sourceTree = "<group>";
		};
/* End PBXGroup section */

/* Begin PBXNativeTarget section */
		07033615252E13F100776629 /* NASA */ = {
			isa = PBXNativeTarget;
			buildConfigurationList = 0703362A252E13F200776629 /* Build configuration list for PBXNativeTarget "NASA" */;
			buildPhases = (
				07033612252E13F100776629 /* Sources */,
				07033613252E13F100776629 /* Frameworks */,
				07033614252E13F100776629 /* Resources */,
			);
			buildRules = (
			);
			dependencies = (
			);
			name = NASA;
			productName = NASA;
			productReference = 07033616252E13F100776629 /* NASA.app */;
			productType = "com.apple.product-type.application";
		};
/* End PBXNativeTarget section */

/* Begin PBXProject section */
		0703360E252E13F100776629 /* Project object */ = {
			isa = PBXProject;
			attributes = {
				LastSwiftUpdateCheck = 1170;
				LastUpgradeCheck = 1170;
				ORGANIZATIONNAME = "Omar Al Raisi";
				TargetAttributes = {
					07033615252E13F100776629 = {
						CreatedOnToolsVersion = 11.7;
					};
				};
			};
			buildConfigurationList = 07033611252E13F100776629 /* Build configuration list for PBXProject "NASA" */;
			compatibilityVersion = "Xcode 9.3";
			developmentRegion = en;
			hasScannedForEncodings = 0;
			knownRegions = (
				en,
				Base,
			);
			mainGroup = 0703360D252E13F100776629;
			productRefGroup = 07033617252E13F100776629 /* Products */;
			projectDirPath = "";
			projectRoot = "";
			targets = (
				07033615252E13F100776629 /* NASA */,
			);
		};
/* End PBXProject section */

/* Begin PBXResourcesBuildPhase section */
		07033614252E13F100776629 /* Resources */ = {
			isa = PBXResourcesBuildPhase;
			buildActionMask = 2147483647;
			files = (
				07033626252E13F200776629 /* LaunchScreen.storyboard in Resources */,
				07033623252E13F200776629 /* Assets.xcassets in Resources */,
				07033621252E13F100776629 /* Main.storyboard in Resources */,
			);
			runOnlyForDeploymentPostprocessing = 0;
		};
/* End PBXResourcesBuildPhase section */

/* Begin PBXSourcesBuildPhase section */
		07033612252E13F100776629 /* Sources */ = {
			isa = PBXSourcesBuildPhase;
			buildActionMask = 2147483647;
			files = (
				075B810F25332BEF004A8B20 /* JData.swift in Sources */,
				07033637252E378300776629 /* Response.swift in Sources */,
				0716C3C925360DDB000405E4 /* SolKeys.swift in Sources */,
				0700AF10253722D100DF3936 /* MarsViewController.swift in Sources */,
				07FD60952535BB5B007DBCDA /* TempratureModel.swift in Sources */,
				07033635252E353400776629 /* Model.swift in Sources */,
				075F9F0B253334FE003D49E5 /* ImageTableViewCell.swift in Sources */,
				075F9F0D25333957003D49E5 /* CacheManager.swift in Sources */,
				07033631252E29F800776629 /* Constants.swift in Sources */,
				07033633252E33FC00776629 /* Images.swift in Sources */,
				075B810D2533282D004A8B20 /* Links.swift in Sources */,
				0703362F252E1EDA00776629 /* ImageLibraryViewController.swift in Sources */,
				0703361E252E13F100776629 /* ViewController.swift in Sources */,
				0703361A252E13F100776629 /* AppDelegate.swift in Sources */,
				0703361C252E13F100776629 /* SceneDelegate.swift in Sources */,
			);
			runOnlyForDeploymentPostprocessing = 0;
		};
/* End PBXSourcesBuildPhase section */

/* Begin PBXVariantGroup section */
		0703361F252E13F100776629 /* Main.storyboard */ = {
			isa = PBXVariantGroup;
			children = (
				07033620252E13F100776629 /* Base */,
			);
			name = Main.storyboard;
			sourceTree = "<group>";
		};
		07033624252E13F200776629 /* LaunchScreen.storyboard */ = {
			isa = PBXVariantGroup;
			children = (
				07033625252E13F200776629 /* Base */,
			);
			name = LaunchScreen.storyboard;
			sourceTree = "<group>";
		};
/* End PBXVariantGroup section */

/* Begin XCBuildConfiguration section */
		07033628252E13F200776629 /* Debug */ = {
			isa = XCBuildConfiguration;
			buildSettings = {
				ALWAYS_SEARCH_USER_PATHS = NO;
				CLANG_ANALYZER_NONNULL = YES;
				CLANG_ANALYZER_NUMBER_OBJECT_CONVERSION = YES_AGGRESSIVE;
				CLANG_CXX_LANGUAGE_STANDARD = "gnu++14";
				CLANG_CXX_LIBRARY = "libc++";
				CLANG_ENABLE_MODULES = YES;
				CLANG_ENABLE_OBJC_ARC = YES;
				CLANG_ENABLE_OBJC_WEAK = YES;
				CLANG_WARN_BLOCK_CAPTURE_AUTORELEASING = YES;
				CLANG_WARN_BOOL_CONVERSION = YES;
				CLANG_WARN_COMMA = YES;
				CLANG_WARN_CONSTANT_CONVERSION = YES;
				CLANG_WARN_DEPRECATED_OBJC_IMPLEMENTATIONS = YES;
				CLANG_WARN_DIRECT_OBJC_ISA_USAGE = YES_ERROR;
				CLANG_WARN_DOCUMENTATION_COMMENTS = YES;
				CLANG_WARN_EMPTY_BODY = YES;
				CLANG_WARN_ENUM_CONVERSION = YES;
				CLANG_WARN_INFINITE_RECURSION = YES;
				CLANG_WARN_INT_CONVERSION = YES;
				CLANG_WARN_NON_LITERAL_NULL_CONVERSION = YES;
				CLANG_WARN_OBJC_IMPLICIT_RETAIN_SELF = YES;
				CLANG_WARN_OBJC_LITERAL_CONVERSION = YES;
				CLANG_WARN_OBJC_ROOT_CLASS = YES_ERROR;
				CLANG_WARN_RANGE_LOOP_ANALYSIS = YES;
				CLANG_WARN_STRICT_PROTOTYPES = YES;
				CLANG_WARN_SUSPICIOUS_MOVE = YES;
				CLANG_WARN_UNGUARDED_AVAILABILITY = YES_AGGRESSIVE;
				CLANG_WARN_UNREACHABLE_CODE = YES;
				CLANG_WARN__DUPLICATE_METHOD_MATCH = YES;
				COPY_PHASE_STRIP = NO;
				DEBUG_INFORMATION_FORMAT = dwarf;
				ENABLE_STRICT_OBJC_MSGSEND = YES;
				ENABLE_TESTABILITY = YES;
				GCC_C_LANGUAGE_STANDARD = gnu11;
				GCC_DYNAMIC_NO_PIC = NO;
				GCC_NO_COMMON_BLOCKS = YES;
				GCC_OPTIMIZATION_LEVEL = 0;
				GCC_PREPROCESSOR_DEFINITIONS = (
					"DEBUG=1",
					"$(inherited)",
				);
				GCC_WARN_64_TO_32_BIT_CONVERSION = YES;
				GCC_WARN_ABOUT_RETURN_TYPE = YES_ERROR;
				GCC_WARN_UNDECLARED_SELECTOR = YES;
				GCC_WARN_UNINITIALIZED_AUTOS = YES_AGGRESSIVE;
				GCC_WARN_UNUSED_FUNCTION = YES;
				GCC_WARN_UNUSED_VARIABLE = YES;
				IPHONEOS_DEPLOYMENT_TARGET = 14.0;
				MTL_ENABLE_DEBUG_INFO = INCLUDE_SOURCE;
				MTL_FAST_MATH = YES;
				ONLY_ACTIVE_ARCH = YES;
				SDKROOT = iphoneos;
				SWIFT_ACTIVE_COMPILATION_CONDITIONS = DEBUG;
				SWIFT_OPTIMIZATION_LEVEL = "-Onone";
			};
			name = Debug;
		};
		07033629252E13F200776629 /* Release */ = {
			isa = XCBuildConfiguration;
			buildSettings = {
				ALWAYS_SEARCH_USER_PATHS = NO;
				CLANG_ANALYZER_NONNULL = YES;
				CLANG_ANALYZER_NUMBER_OBJECT_CONVERSION = YES_AGGRESSIVE;
				CLANG_CXX_LANGUAGE_STANDARD = "gnu++14";
				CLANG_CXX_LIBRARY = "libc++";
				CLANG_ENABLE_MODULES = YES;
				CLANG_ENABLE_OBJC_ARC = YES;
				CLANG_ENABLE_OBJC_WEAK = YES;
				CLANG_WARN_BLOCK_CAPTURE_AUTORELEASING = YES;
				CLANG_WARN_BOOL_CONVERSION = YES;
				CLANG_WARN_COMMA = YES;
				CLANG_WARN_CONSTANT_CONVERSION = YES;
				CLANG_WARN_DEPRECATED_OBJC_IMPLEMENTATIONS = YES;
				CLANG_WARN_DIRECT_OBJC_ISA_USAGE = YES_ERROR;
				CLANG_WARN_DOCUMENTATION_COMMENTS = YES;
				CLANG_WARN_EMPTY_BODY = YES;
				CLANG_WARN_ENUM_CONVERSION = YES;
				CLANG_WARN_INFINITE_RECURSION = YES;
				CLANG_WARN_INT_CONVERSION = YES;
				CLANG_WARN_NON_LITERAL_NULL_CONVERSION = YES;
				CLANG_WARN_OBJC_IMPLICIT_RETAIN_SELF = YES;
				CLANG_WARN_OBJC_LITERAL_CONVERSION = YES;
				CLANG_WARN_OBJC_ROOT_CLASS = YES_ERROR;
				CLANG_WARN_RANGE_LOOP_ANALYSIS = YES;
				CLANG_WARN_STRICT_PROTOTYPES = YES;
				CLANG_WARN_SUSPICIOUS_MOVE = YES;
				CLANG_WARN_UNGUARDED_AVAILABILITY = YES_AGGRESSIVE;
				CLANG_WARN_UNREACHABLE_CODE = YES;
				CLANG_WARN__DUPLICATE_METHOD_MATCH = YES;
				COPY_PHASE_STRIP = NO;
				DEBUG_INFORMATION_FORMAT = "dwarf-with-dsym";
				ENABLE_NS_ASSERTIONS = NO;
				ENABLE_STRICT_OBJC_MSGSEND = YES;
				GCC_C_LANGUAGE_STANDARD = gnu11;
				GCC_NO_COMMON_BLOCKS = YES;
				GCC_WARN_64_TO_32_BIT_CONVERSION = YES;
				GCC_WARN_ABOUT_RETURN_TYPE = YES_ERROR;
				GCC_WARN_UNDECLARED_SELECTOR = YES;
				GCC_WARN_UNINITIALIZED_AUTOS = YES_AGGRESSIVE;
				GCC_WARN_UNUSED_FUNCTION = YES;
				GCC_WARN_UNUSED_VARIABLE = YES;
				IPHONEOS_DEPLOYMENT_TARGET = 14.0;
				MTL_ENABLE_DEBUG_INFO = NO;
				MTL_FAST_MATH = YES;
				SDKROOT = iphoneos;
				SWIFT_COMPILATION_MODE = wholemodule;
				SWIFT_OPTIMIZATION_LEVEL = "-O";
				VALIDATE_PRODUCT = YES;
			};
			name = Release;
		};
		0703362B252E13F200776629 /* Debug */ = {
			isa = XCBuildConfiguration;
			buildSettings = {
				ASSETCATALOG_COMPILER_APPICON_NAME = AppIcon;
				CODE_SIGN_STYLE = Automatic;
				DEVELOPMENT_TEAM = ZPBY8A3227;
				INFOPLIST_FILE = NASA/Info.plist;
				IPHONEOS_DEPLOYMENT_TARGET = 13.6;
				LD_RUNPATH_SEARCH_PATHS = (
					"$(inherited)",
					"@executable_path/Frameworks",
				);
				PRODUCT_BUNDLE_IDENTIFIER = com.OmarAlraisi.NASA;
				PRODUCT_NAME = "$(TARGET_NAME)";
				SWIFT_VERSION = 5.0;
				TARGETED_DEVICE_FAMILY = 1;
			};
			name = Debug;
		};
		0703362C252E13F200776629 /* Release */ = {
			isa = XCBuildConfiguration;
			buildSettings = {
				ASSETCATALOG_COMPILER_APPICON_NAME = AppIcon;
				CODE_SIGN_STYLE = Automatic;
				DEVELOPMENT_TEAM = ZPBY8A3227;
				INFOPLIST_FILE = NASA/Info.plist;
				IPHONEOS_DEPLOYMENT_TARGET = 13.6;
				LD_RUNPATH_SEARCH_PATHS = (
					"$(inherited)",
					"@executable_path/Frameworks",
				);
				PRODUCT_BUNDLE_IDENTIFIER = com.OmarAlraisi.NASA;
				PRODUCT_NAME = "$(TARGET_NAME)";
				SWIFT_VERSION = 5.0;
				TARGETED_DEVICE_FAMILY = 1;
			};
			name = Release;
		};
/* End XCBuildConfiguration section */

/* Begin XCConfigurationList section */
		07033611252E13F100776629 /* Build configuration list for PBXProject "NASA" */ = {
			isa = XCConfigurationList;
			buildConfigurations = (
				07033628252E13F200776629 /* Debug */,
				07033629252E13F200776629 /* Release */,
			);
			defaultConfigurationIsVisible = 0;
			defaultConfigurationName = Release;
		};
		0703362A252E13F200776629 /* Build configuration list for PBXNativeTarget "NASA" */ = {
			isa = XCConfigurationList;
			buildConfigurations = (
				0703362B252E13F200776629 /* Debug */,
				0703362C252E13F200776629 /* Release */,
			);
			defaultConfigurationIsVisible = 0;
			defaultConfigurationName = Release;
		};
/* End XCConfigurationList section */
	};
	rootObject = 0703360E252E13F100776629 /* Project object */;
}
